PODS:
  - CombineDitto (0.1.4):
    - DittoSwift (>= 1.0.9)
  - DittoObjC (1.0.10)
  - DittoSwift (1.0.10):
    - DittoObjC (= 1.0.10)
  - Fakery (5.1.0)

DEPENDENCIES:
  - CombineDitto
  - DittoSwift (= 1.0.10)
  - Fakery

SPEC REPOS:
  trunk:
    - CombineDitto
    - DittoObjC
    - DittoSwift
    - Fakery

SPEC CHECKSUMS:
  CombineDitto: e257ba5278efa6dce6b4849cc24590b87cc57481
  DittoObjC: 53aa424f7e603f8c29063fd5647bafc7f070ee48
  DittoSwift: 658dacbeff7b5d31a04036018c4318b99b2e2808
  Fakery: a90caff00ca5cacde6c161c3eafc72314a03d34d

PODFILE CHECKSUM: 9eb9f0296c6f37ad6fa044d911c29ec9430e3d08

COCOAPODS: 1.11.2
